
Microsoft Visual Studio Solution File, Format Version 12.00
# Visual Studio 14
VisualStudioVersion = 14.0.23107.0
MinimumVisualStudioVersion = 10.0.40219.1
Project("{FAE04EC0-301F-11D3-BF4B-00C04F79EFBC}") = "AspNetMVCFileUpload", "AspNetMVCFileUpload\AspNetMVCFileUpload.csproj", "{30F2893C-9AE2-4355-BD47-F8118A583AEB}"
EndProject
Global
	GlobalSection(SolutionConfigurationPlatforms) = preSolution
		Debug|Any CPU = Debug|Any CPU
		Release|Any CPU = Release|Any CPU
	EndGlobalSection
	GlobalSection(ProjectConfigurationPlatforms) = postSolution
		{30F2893C-9AE2-4355-BD47-F8118A583AEB}.Debug|Any CPU.ActiveCfg = Debug|Any CPU
		{30F2893C-9AE2-4355-BD47-F8118A583AEB}.Debug|Any CPU.Build.0 = Debug|Any CPU
		{30F2893C-9AE2-4355-BD47-F8118A583AEB}.Release|Any CPU.ActiveCfg = Release|Any CPU
		{30F2893C-9AE2-4355-BD47-F8118A583AEB}.Release|Any CPU.Build.0 = Release|Any CPU
	EndGlobalSection
	GlobalSection(SolutionProperties) = preSolution
		HideSolutionNode = FALSE
	EndGlobalSection
EndGlobal
